// !$*UTF8*$!
{
	archiveVersion = 1;
	classes = {
	};
	objectVersion = 56;
	objects = {

/* Begin PBXBuildFile section */
		411F4DD32A5B7D5A000CE157 /* FountainsView-ViewModel.swift in Sources */ = {isa = PBXBuildFile; fileRef = 411F4DD22A5B7D5A000CE157 /* FountainsView-ViewModel.swift */; };
		4135D5E92A5A36B7000387CE /* FileManager-DocumentsDirectory.swift in Sources */ = {isa = PBXBuildFile; fileRef = 4135D5E82A5A36B7000387CE /* FileManager-DocumentsDirectory.swift */; };
		416F94872A83122500FF73F4 /* LoadingView.swift in Sources */ = {isa = PBXBuildFile; fileRef = 416F94862A83122500FF73F4 /* LoadingView.swift */; };
		41E579D32A4CD8B90061DF01 /* ExploreView-ViewModel.swift in Sources */ = {isa = PBXBuildFile; fileRef = 41E579D22A4CD8B90061DF01 /* ExploreView-ViewModel.swift */; };
		41E579D52A4CEF950061DF01 /* AddView.swift in Sources */ = {isa = PBXBuildFile; fileRef = 41E579D42A4CEF950061DF01 /* AddView.swift */; };
		41E579D72A4CF54E0061DF01 /* AddView-ViewModel.swift in Sources */ = {isa = PBXBuildFile; fileRef = 41E579D62A4CF54E0061DF01 /* AddView-ViewModel.swift */; };
		41E579D92A4F5CEF0061DF01 /* ImagePicker.swift in Sources */ = {isa = PBXBuildFile; fileRef = 41E579D82A4F5CEF0061DF01 /* ImagePicker.swift */; };
		41E579DB2A521E610061DF01 /* EditView.swift in Sources */ = {isa = PBXBuildFile; fileRef = 41E579DA2A521E610061DF01 /* EditView.swift */; };
		41E579DD2A521E7F0061DF01 /* EditView-ViewModel.swift in Sources */ = {isa = PBXBuildFile; fileRef = 41E579DC2A521E7F0061DF01 /* EditView-ViewModel.swift */; };
		41E579DF2A5396E40061DF01 /* RatingView.swift in Sources */ = {isa = PBXBuildFile; fileRef = 41E579DE2A5396E40061DF01 /* RatingView.swift */; };
		41E579E12A53990F0061DF01 /* EmojiRatingView.swift in Sources */ = {isa = PBXBuildFile; fileRef = 41E579E02A53990F0061DF01 /* EmojiRatingView.swift */; };
		41E579E52A562D7E0061DF01 /* RankView.swift in Sources */ = {isa = PBXBuildFile; fileRef = 41E579E42A562D7E0061DF01 /* RankView.swift */; };
		41E579E72A562DE20061DF01 /* ProfileView.swift in Sources */ = {isa = PBXBuildFile; fileRef = 41E579E62A562DE20061DF01 /* ProfileView.swift */; };
		41E579E92A5653290061DF01 /* ProfileView-ViewModel.swift in Sources */ = {isa = PBXBuildFile; fileRef = 41E579E82A5653290061DF01 /* ProfileView-ViewModel.swift */; };
		41F18F9D2A4A5073008EB992 /* OasesApp.swift in Sources */ = {isa = PBXBuildFile; fileRef = 41F18F9C2A4A5073008EB992 /* OasesApp.swift */; };
		41F18F9F2A4A5073008EB992 /* ContentView.swift in Sources */ = {isa = PBXBuildFile; fileRef = 41F18F9E2A4A5073008EB992 /* ContentView.swift */; };
		41F18FA12A4A5073008EB992 /* Assets.xcassets in Resources */ = {isa = PBXBuildFile; fileRef = 41F18FA02A4A5073008EB992 /* Assets.xcassets */; };
		41F18FA42A4A5073008EB992 /* Preview Assets.xcassets in Resources */ = {isa = PBXBuildFile; fileRef = 41F18FA32A4A5073008EB992 /* Preview Assets.xcassets */; };
		41F18FAB2A4A54B2008EB992 /* Fountain.swift in Sources */ = {isa = PBXBuildFile; fileRef = 41F18FAA2A4A54B2008EB992 /* Fountain.swift */; };
		41F18FAD2A4A567E008EB992 /* Fountains.swift in Sources */ = {isa = PBXBuildFile; fileRef = 41F18FAC2A4A567E008EB992 /* Fountains.swift */; };
		41F18FAF2A4A593D008EB992 /* FountainsView.swift in Sources */ = {isa = PBXBuildFile; fileRef = 41F18FAE2A4A593D008EB992 /* FountainsView.swift */; };
		41F18FB12A4A6BF8008EB992 /* ExploreView.swift in Sources */ = {isa = PBXBuildFile; fileRef = 41F18FB02A4A6BF8008EB992 /* ExploreView.swift */; };
/* End PBXBuildFile section */

/* Begin PBXFileReference section */
		411F4DD22A5B7D5A000CE157 /* FountainsView-ViewModel.swift */ = {isa = PBXFileReference; lastKnownFileType = sourcecode.swift; path = "FountainsView-ViewModel.swift"; sourceTree = "<group>"; };
		4135D5E82A5A36B7000387CE /* FileManager-DocumentsDirectory.swift */ = {isa = PBXFileReference; fileEncoding = 4; lastKnownFileType = sourcecode.swift; path = "FileManager-DocumentsDirectory.swift"; sourceTree = "<group>"; };
		416F94862A83122500FF73F4 /* LoadingView.swift */ = {isa = PBXFileReference; lastKnownFileType = sourcecode.swift; path = LoadingView.swift; sourceTree = "<group>"; };
		41E579D22A4CD8B90061DF01 /* ExploreView-ViewModel.swift */ = {isa = PBXFileReference; lastKnownFileType = sourcecode.swift; path = "ExploreView-ViewModel.swift"; sourceTree = "<group>"; };
		41E579D42A4CEF950061DF01 /* AddView.swift */ = {isa = PBXFileReference; lastKnownFileType = sourcecode.swift; path = AddView.swift; sourceTree = "<group>"; };
		41E579D62A4CF54E0061DF01 /* AddView-ViewModel.swift */ = {isa = PBXFileReference; lastKnownFileType = sourcecode.swift; path = "AddView-ViewModel.swift"; sourceTree = "<group>"; };
		41E579D82A4F5CEF0061DF01 /* ImagePicker.swift */ = {isa = PBXFileReference; fileEncoding = 4; lastKnownFileType = sourcecode.swift; path = ImagePicker.swift; sourceTree = "<group>"; };
		41E579DA2A521E610061DF01 /* EditView.swift */ = {isa = PBXFileReference; lastKnownFileType = sourcecode.swift; path = EditView.swift; sourceTree = "<group>"; };
		41E579DC2A521E7F0061DF01 /* EditView-ViewModel.swift */ = {isa = PBXFileReference; lastKnownFileType = sourcecode.swift; path = "EditView-ViewModel.swift"; sourceTree = "<group>"; };
		41E579DE2A5396E40061DF01 /* RatingView.swift */ = {isa = PBXFileReference; lastKnownFileType = sourcecode.swift; path = RatingView.swift; sourceTree = "<group>"; };
		41E579E02A53990F0061DF01 /* EmojiRatingView.swift */ = {isa = PBXFileReference; lastKnownFileType = sourcecode.swift; path = EmojiRatingView.swift; sourceTree = "<group>"; };
		41E579E42A562D7E0061DF01 /* RankView.swift */ = {isa = PBXFileReference; lastKnownFileType = sourcecode.swift; path = RankView.swift; sourceTree = "<group>"; };
		41E579E62A562DE20061DF01 /* ProfileView.swift */ = {isa = PBXFileReference; lastKnownFileType = sourcecode.swift; path = ProfileView.swift; sourceTree = "<group>"; };
		41E579E82A5653290061DF01 /* ProfileView-ViewModel.swift */ = {isa = PBXFileReference; lastKnownFileType = sourcecode.swift; path = "ProfileView-ViewModel.swift"; sourceTree = "<group>"; };
		41F18F992A4A5073008EB992 /* Oases.app */ = {isa = PBXFileReference; explicitFileType = wrapper.application; includeInIndex = 0; path = Oases.app; sourceTree = BUILT_PRODUCTS_DIR; };
		41F18F9C2A4A5073008EB992 /* OasesApp.swift */ = {isa = PBXFileReference; lastKnownFileType = sourcecode.swift; path = OasesApp.swift; sourceTree = "<group>"; };
		41F18F9E2A4A5073008EB992 /* ContentView.swift */ = {isa = PBXFileReference; lastKnownFileType = sourcecode.swift; path = ContentView.swift; sourceTree = "<group>"; };
		41F18FA02A4A5073008EB992 /* Assets.xcassets */ = {isa = PBXFileReference; lastKnownFileType = folder.assetcatalog; path = Assets.xcassets; sourceTree = "<group>"; };
		41F18FA32A4A5073008EB992 /* Preview Assets.xcassets */ = {isa = PBXFileReference; lastKnownFileType = folder.assetcatalog; path = "Preview Assets.xcassets"; sourceTree = "<group>"; };
		41F18FAA2A4A54B2008EB992 /* Fountain.swift */ = {isa = PBXFileReference; lastKnownFileType = sourcecode.swift; path = Fountain.swift; sourceTree = "<group>"; };
		41F18FAC2A4A567E008EB992 /* Fountains.swift */ = {isa = PBXFileReference; lastKnownFileType = sourcecode.swift; path = Fountains.swift; sourceTree = "<group>"; };
		41F18FAE2A4A593D008EB992 /* FountainsView.swift */ = {isa = PBXFileReference; lastKnownFileType = sourcecode.swift; path = FountainsView.swift; sourceTree = "<group>"; };
		41F18FB02A4A6BF8008EB992 /* ExploreView.swift */ = {isa = PBXFileReference; lastKnownFileType = sourcecode.swift; path = ExploreView.swift; sourceTree = "<group>"; };
/* End PBXFileReference section */

/* Begin PBXFrameworksBuildPhase section */
		41F18F962A4A5072008EB992 /* Frameworks */ = {
			isa = PBXFrameworksBuildPhase;
			buildActionMask = 2147483647;
			files = (
			);
			runOnlyForDeploymentPostprocessing = 0;
		};
/* End PBXFrameworksBuildPhase section */

/* Begin PBXGroup section */
		418665C02A789003009FDD8F /* Views */ = {
			isa = PBXGroup;
			children = (
				41F18F9E2A4A5073008EB992 /* ContentView.swift */,
				41F18FB02A4A6BF8008EB992 /* ExploreView.swift */,
				41E579D42A4CEF950061DF01 /* AddView.swift */,
				41E579DA2A521E610061DF01 /* EditView.swift */,
				41F18FAE2A4A593D008EB992 /* FountainsView.swift */,
				41E579E62A562DE20061DF01 /* ProfileView.swift */,
				41E579DE2A5396E40061DF01 /* RatingView.swift */,
				41E579E02A53990F0061DF01 /* EmojiRatingView.swift */,
				41E579E42A562D7E0061DF01 /* RankView.swift */,
				416F94862A83122500FF73F4 /* LoadingView.swift */,
			);
			path = Views;
			sourceTree = "<group>";
		};
		418665C12A789029009FDD8F /* ViewModels */ = {
			isa = PBXGroup;
			children = (
				41E579D22A4CD8B90061DF01 /* ExploreView-ViewModel.swift */,
				41E579D62A4CF54E0061DF01 /* AddView-ViewModel.swift */,
				41E579DC2A521E7F0061DF01 /* EditView-ViewModel.swift */,
				411F4DD22A5B7D5A000CE157 /* FountainsView-ViewModel.swift */,
				41E579E82A5653290061DF01 /* ProfileView-ViewModel.swift */,
			);
			path = ViewModels;
			sourceTree = "<group>";
		};
		418665C22A78903B009FDD8F /* Models */ = {
			isa = PBXGroup;
			children = (
				41F18FAA2A4A54B2008EB992 /* Fountain.swift */,
				41F18FAC2A4A567E008EB992 /* Fountains.swift */,
			);
			path = Models;
			sourceTree = "<group>";
		};
		418665C32A789055009FDD8F /* Helpers */ = {
			isa = PBXGroup;
			children = (
				4135D5E82A5A36B7000387CE /* FileManager-DocumentsDirectory.swift */,
				41E579D82A4F5CEF0061DF01 /* ImagePicker.swift */,
			);
			path = Helpers;
			sourceTree = "<group>";
		};
		41F18F902A4A5072008EB992 = {
			isa = PBXGroup;
			children = (
				41F18F9B2A4A5073008EB992 /* Oases */,
				41F18F9A2A4A5073008EB992 /* Products */,
			);
			sourceTree = "<group>";
		};
		41F18F9A2A4A5073008EB992 /* Products */ = {
			isa = PBXGroup;
			children = (
				41F18F992A4A5073008EB992 /* Oases.app */,
			);
			name = Products;
			sourceTree = "<group>";
		};
		41F18F9B2A4A5073008EB992 /* Oases */ = {
			isa = PBXGroup;
			children = (
				41F18F9C2A4A5073008EB992 /* OasesApp.swift */,
				418665C32A789055009FDD8F /* Helpers */,
				418665C22A78903B009FDD8F /* Models */,
				418665C12A789029009FDD8F /* ViewModels */,
				418665C02A789003009FDD8F /* Views */,
				41F18FA02A4A5073008EB992 /* Assets.xcassets */,
				41F18FA22A4A5073008EB992 /* Preview Content */,
			);
			path = Oases;
			sourceTree = "<group>";
		};
		41F18FA22A4A5073008EB992 /* Preview Content */ = {
			isa = PBXGroup;
			children = (
				41F18FA32A4A5073008EB992 /* Preview Assets.xcassets */,
			);
			path = "Preview Content";
			sourceTree = "<group>";
		};
/* End PBXGroup section */

/* Begin PBXNativeTarget section */
		41F18F982A4A5072008EB992 /* Oases */ = {
			isa = PBXNativeTarget;
			buildConfigurationList = 41F18FA72A4A5073008EB992 /* Build configuration list for PBXNativeTarget "Oases" */;
			buildPhases = (
				41F18F952A4A5072008EB992 /* Sources */,
				41F18F962A4A5072008EB992 /* Frameworks */,
				41F18F972A4A5072008EB992 /* Resources */,
			);
			buildRules = (
			);
			dependencies = (
			);
			name = Oases;
			productName = Oases;
			productReference = 41F18F992A4A5073008EB992 /* Oases.app */;
			productType = "com.apple.product-type.application";
		};
/* End PBXNativeTarget section */

/* Begin PBXProject section */
		41F18F912A4A5072008EB992 /* Project object */ = {
			isa = PBXProject;
			attributes = {
				BuildIndependentTargetsInParallel = 1;
				LastSwiftUpdateCheck = 1430;
				LastUpgradeCheck = 1430;
				TargetAttributes = {
					41F18F982A4A5072008EB992 = {
						CreatedOnToolsVersion = 14.3;
					};
				};
			};
			buildConfigurationList = 41F18F942A4A5072008EB992 /* Build configuration list for PBXProject "Oases" */;
			compatibilityVersion = "Xcode 14.0";
			developmentRegion = en;
			hasScannedForEncodings = 0;
			knownRegions = (
				en,
				Base,
			);
			mainGroup = 41F18F902A4A5072008EB992;
			productRefGroup = 41F18F9A2A4A5073008EB992 /* Products */;
			projectDirPath = "";
			projectRoot = "";
			targets = (
				41F18F982A4A5072008EB992 /* Oases */,
			);
		};
/* End PBXProject section */

/* Begin PBXResourcesBuildPhase section */
		41F18F972A4A5072008EB992 /* Resources */ = {
			isa = PBXResourcesBuildPhase;
			buildActionMask = 2147483647;
			files = (
				41F18FA42A4A5073008EB992 /* Preview Assets.xcassets in Resources */,
				41F18FA12A4A5073008EB992 /* Assets.xcassets in Resources */,
			);
			runOnlyForDeploymentPostprocessing = 0;
		};
/* End PBXResourcesBuildPhase section */

/* Begin PBXSourcesBuildPhase section */
		41F18F952A4A5072008EB992 /* Sources */ = {
			isa = PBXSourcesBuildPhase;
			buildActionMask = 2147483647;
			files = (
				4135D5E92A5A36B7000387CE /* FileManager-DocumentsDirectory.swift in Sources */,
				41F18FAB2A4A54B2008EB992 /* Fountain.swift in Sources */,
				41E579D72A4CF54E0061DF01 /* AddView-ViewModel.swift in Sources */,
				41E579E52A562D7E0061DF01 /* RankView.swift in Sources */,
				41E579E12A53990F0061DF01 /* EmojiRatingView.swift in Sources */,
				41E579DB2A521E610061DF01 /* EditView.swift in Sources */,
				41F18FAF2A4A593D008EB992 /* FountainsView.swift in Sources */,
				41F18FAD2A4A567E008EB992 /* Fountains.swift in Sources */,
				41E579DD2A521E7F0061DF01 /* EditView-ViewModel.swift in Sources */,
				41E579E72A562DE20061DF01 /* ProfileView.swift in Sources */,
				41F18F9F2A4A5073008EB992 /* ContentView.swift in Sources */,
				41E579DF2A5396E40061DF01 /* RatingView.swift in Sources */,
				41E579D52A4CEF950061DF01 /* AddView.swift in Sources */,
				416F94872A83122500FF73F4 /* LoadingView.swift in Sources */,
				411F4DD32A5B7D5A000CE157 /* FountainsView-ViewModel.swift in Sources */,
				41E579D32A4CD8B90061DF01 /* ExploreView-ViewModel.swift in Sources */,
				41E579E92A5653290061DF01 /* ProfileView-ViewModel.swift in Sources */,
				41E579D92A4F5CEF0061DF01 /* ImagePicker.swift in Sources */,
				41F18FB12A4A6BF8008EB992 /* ExploreView.swift in Sources */,
				41F18F9D2A4A5073008EB992 /* OasesApp.swift in Sources */,
			);
			runOnlyForDeploymentPostprocessing = 0;
		};
/* End PBXSourcesBuildPhase section */

/* Begin XCBuildConfiguration section */
		41F18FA52A4A5073008EB992 /* Debug */ = {
			isa = XCBuildConfiguration;
			buildSettings = {
				ALWAYS_SEARCH_USER_PATHS = NO;
				CLANG_ANALYZER_NONNULL = YES;
				CLANG_ANALYZER_NUMBER_OBJECT_CONVERSION = YES_AGGRESSIVE;
				CLANG_CXX_LANGUAGE_STANDARD = "gnu++20";
				CLANG_ENABLE_MODULES = YES;
				CLANG_ENABLE_OBJC_ARC = YES;
				CLANG_ENABLE_OBJC_WEAK = YES;
				CLANG_WARN_BLOCK_CAPTURE_AUTORELEASING = YES;
				CLANG_WARN_BOOL_CONVERSION = YES;
				CLANG_WARN_COMMA = YES;
				CLANG_WARN_CONSTANT_CONVERSION = YES;
				CLANG_WARN_DEPRECATED_OBJC_IMPLEMENTATIONS = YES;
				CLANG_WARN_DIRECT_OBJC_ISA_USAGE = YES_ERROR;
				CLANG_WARN_DOCUMENTATION_COMMENTS = YES;
				CLANG_WARN_EMPTY_BODY = YES;
				CLANG_WARN_ENUM_CONVERSION = YES;
				CLANG_WARN_INFINITE_RECURSION = YES;
				CLANG_WARN_INT_CONVERSION = YES;
				CLANG_WARN_NON_LITERAL_NULL_CONVERSION = YES;
				CLANG_WARN_OBJC_IMPLICIT_RETAIN_SELF = YES;
				CLANG_WARN_OBJC_LITERAL_CONVERSION = YES;
				CLANG_WARN_OBJC_ROOT_CLASS = YES_ERROR;
				CLANG_WARN_QUOTED_INCLUDE_IN_FRAMEWORK_HEADER = YES;
				CLANG_WARN_RANGE_LOOP_ANALYSIS = YES;
				CLANG_WARN_STRICT_PROTOTYPES = YES;
				CLANG_WARN_SUSPICIOUS_MOVE = YES;
				CLANG_WARN_UNGUARDED_AVAILABILITY = YES_AGGRESSIVE;
				CLANG_WARN_UNREACHABLE_CODE = YES;
				CLANG_WARN__DUPLICATE_METHOD_MATCH = YES;
				COPY_PHASE_STRIP = NO;
				DEBUG_INFORMATION_FORMAT = dwarf;
				ENABLE_STRICT_OBJC_MSGSEND = YES;
				ENABLE_TESTABILITY = YES;
				GCC_C_LANGUAGE_STANDARD = gnu11;
				GCC_DYNAMIC_NO_PIC = NO;
				GCC_NO_COMMON_BLOCKS = YES;
				GCC_OPTIMIZATION_LEVEL = 0;
				GCC_PREPROCESSOR_DEFINITIONS = (
					"DEBUG=1",
					"$(inherited)",
				);
				GCC_WARN_64_TO_32_BIT_CONVERSION = YES;
				GCC_WARN_ABOUT_RETURN_TYPE = YES_ERROR;
				GCC_WARN_UNDECLARED_SELECTOR = YES;
				GCC_WARN_UNINITIALIZED_AUTOS = YES_AGGRESSIVE;
				GCC_WARN_UNUSED_FUNCTION = YES;
				GCC_WARN_UNUSED_VARIABLE = YES;
				IPHONEOS_DEPLOYMENT_TARGET = 16.4;
				MTL_ENABLE_DEBUG_INFO = INCLUDE_SOURCE;
				MTL_FAST_MATH = YES;
				ONLY_ACTIVE_ARCH = YES;
				SDKROOT = iphoneos;
				SWIFT_ACTIVE_COMPILATION_CONDITIONS = DEBUG;
				SWIFT_OPTIMIZATION_LEVEL = "-Onone";
			};
			name = Debug;
		};
		41F18FA62A4A5073008EB992 /* Release */ = {
			isa = XCBuildConfiguration;
			buildSettings = {
				ALWAYS_SEARCH_USER_PATHS = NO;
				CLANG_ANALYZER_NONNULL = YES;
				CLANG_ANALYZER_NUMBER_OBJECT_CONVERSION = YES_AGGRESSIVE;
				CLANG_CXX_LANGUAGE_STANDARD = "gnu++20";
				CLANG_ENABLE_MODULES = YES;
				CLANG_ENABLE_OBJC_ARC = YES;
				CLANG_ENABLE_OBJC_WEAK = YES;
				CLANG_WARN_BLOCK_CAPTURE_AUTORELEASING = YES;
				CLANG_WARN_BOOL_CONVERSION = YES;
				CLANG_WARN_COMMA = YES;
				CLANG_WARN_CONSTANT_CONVERSION = YES;
				CLANG_WARN_DEPRECATED_OBJC_IMPLEMENTATIONS = YES;
				CLANG_WARN_DIRECT_OBJC_ISA_USAGE = YES_ERROR;
				CLANG_WARN_DOCUMENTATION_COMMENTS = YES;
				CLANG_WARN_EMPTY_BODY = YES;
				CLANG_WARN_ENUM_CONVERSION = YES;
				CLANG_WARN_INFINITE_RECURSION = YES;
				CLANG_WARN_INT_CONVERSION = YES;
				CLANG_WARN_NON_LITERAL_NULL_CONVERSION = YES;
				CLANG_WARN_OBJC_IMPLICIT_RETAIN_SELF = YES;
				CLANG_WARN_OBJC_LITERAL_CONVERSION = YES;
				CLANG_WARN_OBJC_ROOT_CLASS = YES_ERROR;
				CLANG_WARN_QUOTED_INCLUDE_IN_FRAMEWORK_HEADER = YES;
				CLANG_WARN_RANGE_LOOP_ANALYSIS = YES;
				CLANG_WARN_STRICT_PROTOTYPES = YES;
				CLANG_WARN_SUSPICIOUS_MOVE = YES;
				CLANG_WARN_UNGUARDED_AVAILABILITY = YES_AGGRESSIVE;
				CLANG_WARN_UNREACHABLE_CODE = YES;
				CLANG_WARN__DUPLICATE_METHOD_MATCH = YES;
				COPY_PHASE_STRIP = NO;
				DEBUG_INFORMATION_FORMAT = "dwarf-with-dsym";
				ENABLE_NS_ASSERTIONS = NO;
				ENABLE_STRICT_OBJC_MSGSEND = YES;
				GCC_C_LANGUAGE_STANDARD = gnu11;
				GCC_NO_COMMON_BLOCKS = YES;
				GCC_WARN_64_TO_32_BIT_CONVERSION = YES;
				GCC_WARN_ABOUT_RETURN_TYPE = YES_ERROR;
				GCC_WARN_UNDECLARED_SELECTOR = YES;
				GCC_WARN_UNINITIALIZED_AUTOS = YES_AGGRESSIVE;
				GCC_WARN_UNUSED_FUNCTION = YES;
				GCC_WARN_UNUSED_VARIABLE = YES;
				IPHONEOS_DEPLOYMENT_TARGET = 16.4;
				MTL_ENABLE_DEBUG_INFO = NO;
				MTL_FAST_MATH = YES;
				SDKROOT = iphoneos;
				SWIFT_COMPILATION_MODE = wholemodule;
				SWIFT_OPTIMIZATION_LEVEL = "-O";
				VALIDATE_PRODUCT = YES;
			};
			name = Release;
		};
		41F18FA82A4A5073008EB992 /* Debug */ = {
			isa = XCBuildConfiguration;
			buildSettings = {
				ASSETCATALOG_COMPILER_APPICON_NAME = AppIcon;
				ASSETCATALOG_COMPILER_GLOBAL_ACCENT_COLOR_NAME = AccentColor;
				CODE_SIGN_STYLE = Automatic;
				CURRENT_PROJECT_VERSION = 1;
				DEVELOPMENT_ASSET_PATHS = "\"Oases/Preview Content\"";
				DEVELOPMENT_TEAM = 7LWP52TBQU;
				ENABLE_PREVIEWS = YES;
				GENERATE_INFOPLIST_FILE = YES;
				INFOPLIST_KEY_NSLocationWhenInUseUsageDescription = "Oases needs your location to show on the map.";
				INFOPLIST_KEY_UIApplicationSceneManifest_Generation = YES;
				INFOPLIST_KEY_UIApplicationSupportsIndirectInputEvents = YES;
				INFOPLIST_KEY_UILaunchScreen_Generation = YES;
				INFOPLIST_KEY_UIRequiresFullScreen = YES;
				INFOPLIST_KEY_UISupportedInterfaceOrientations = UIInterfaceOrientationPortrait;
				INFOPLIST_KEY_UISupportedInterfaceOrientations_iPad = "UIInterfaceOrientationPortrait UIInterfaceOrientationPortraitUpsideDown";
				LD_RUNPATH_SEARCH_PATHS = (
					"$(inherited)",
					"@executable_path/Frameworks",
				);
				MARKETING_VERSION = 1.0;
				PRODUCT_BUNDLE_IDENTIFIER = riley.Oases;
				PRODUCT_NAME = "$(TARGET_NAME)";
				SUPPORTED_PLATFORMS = "iphoneos iphonesimulator";
				SUPPORTS_MACCATALYST = NO;
				SUPPORTS_MAC_DESIGNED_FOR_IPHONE_IPAD = NO;
				SWIFT_EMIT_LOC_STRINGS = YES;
				SWIFT_VERSION = 5.0;
				TARGETED_DEVICE_FAMILY = 1;
			};
			name = Debug;
		};
		41F18FA92A4A5073008EB992 /* Release */ = {
			isa = XCBuildConfiguration;
			buildSettings = {
				ASSETCATALOG_COMPILER_APPICON_NAME = AppIcon;
				ASSETCATALOG_COMPILER_GLOBAL_ACCENT_COLOR_NAME = AccentColor;
				CODE_SIGN_STYLE = Automatic;
				CURRENT_PROJECT_VERSION = 1;
				DEVELOPMENT_ASSET_PATHS = "\"Oases/Preview Content\"";
				DEVELOPMENT_TEAM = 7LWP52TBQU;
				ENABLE_PREVIEWS = YES;
				GENERATE_INFOPLIST_FILE = YES;
				INFOPLIST_KEY_NSLocationWhenInUseUsageDescription = "Oases needs your location to show on the map.";
				INFOPLIST_KEY_UIApplicationSceneManifest_Generation = YES;
				INFOPLIST_KEY_UIApplicationSupportsIndirectInputEvents = YES;
				INFOPLIST_KEY_UILaunchScreen_Generation = YES;
				INFOPLIST_KEY_UIRequiresFullScreen = YES;
				INFOPLIST_KEY_UISupportedInterfaceOrientations = UIInterfaceOrientationPortrait;
				INFOPLIST_KEY_UISupportedInterfaceOrientations_iPad = "UIInterfaceOrientationPortrait UIInterfaceOrientationPortraitUpsideDown";
				LD_RUNPATH_SEARCH_PATHS = (
					"$(inherited)",
					"@executable_path/Frameworks",
				);
				MARKETING_VERSION = 1.0;
				PRODUCT_BUNDLE_IDENTIFIER = riley.Oases;
				PRODUCT_NAME = "$(TARGET_NAME)";
				SUPPORTED_PLATFORMS = "iphoneos iphonesimulator";
				SUPPORTS_MACCATALYST = NO;
				SUPPORTS_MAC_DESIGNED_FOR_IPHONE_IPAD = NO;
				SWIFT_EMIT_LOC_STRINGS = YES;
				SWIFT_VERSION = 5.0;
				TARGETED_DEVICE_FAMILY = 1;
			};
			name = Release;
		};
/* End XCBuildConfiguration section */

/* Begin XCConfigurationList section */
		41F18F942A4A5072008EB992 /* Build configuration list for PBXProject "Oases" */ = {
			isa = XCConfigurationList;
			buildConfigurations = (
				41F18FA52A4A5073008EB992 /* Debug */,
				41F18FA62A4A5073008EB992 /* Release */,
			);
			defaultConfigurationIsVisible = 0;
			defaultConfigurationName = Release;
		};
		41F18FA72A4A5073008EB992 /* Build configuration list for PBXNativeTarget "Oases" */ = {
			isa = XCConfigurationList;
			buildConfigurations = (
				41F18FA82A4A5073008EB992 /* Debug */,
				41F18FA92A4A5073008EB992 /* Release */,
			);
			defaultConfigurationIsVisible = 0;
			defaultConfigurationName = Release;
		};
/* End XCConfigurationList section */
	};
	rootObject = 41F18F912A4A5072008EB992 /* Project object */;
}
